
Microsoft Visual Studio Solution File, Format Version 12.00
# Visual Studio Version 17
VisualStudioVersion = 17.7.34221.43
MinimumVisualStudioVersion = 10.0.40219.1
Project("{9A19103F-16F7-4668-BE54-9A1E7A4F7556}") = "BloodDonationManagementSystem", "BloodDonationManagementSystem\BloodDonationManagementSystem.csproj", "{C5798E2E-6CA8-4A89-B88C-DED8E4B34EEC}"
EndProject
Global
	GlobalSection(SolutionConfigurationPlatforms) = preSolution
		Debug|Any CPU = Debug|Any CPU
		Release|Any CPU = Release|Any CPU
	EndGlobalSection
	GlobalSection(ProjectConfigurationPlatforms) = postSolution
		{C5798E2E-6CA8-4A89-B88C-DED8E4B34EEC}.Debug|Any CPU.ActiveCfg = Debug|Any CPU
		{C5798E2E-6CA8-4A89-B88C-DED8E4B34EEC}.Debug|Any CPU.Build.0 = Debug|Any CPU
		{C5798E2E-6CA8-4A89-B88C-DED8E4B34EEC}.Release|Any CPU.ActiveCfg = Release|Any CPU
		{C5798E2E-6CA8-4A89-B88C-DED8E4B34EEC}.Release|Any CPU.Build.0 = Release|Any CPU
	EndGlobalSection
	GlobalSection(SolutionProperties) = preSolution
		HideSolutionNode = FALSE
	EndGlobalSection
	GlobalSection(ExtensibilityGlobals) = postSolution
		SolutionGuid = {16C10721-C252-44E4-80DC-54DA021D7E96}
	EndGlobalSection
EndGlobal
